
Microsoft Visual Studio Solution File, Format Version 12.00
# Visual Studio 15
VisualStudioVersion = 15.0.26730.3
MinimumVisualStudioVersion = 10.0.40219.1
Project("{FAE04EC0-301F-11D3-BF4B-00C04F79EFBC}") = "InauguralView", "InauguralView\InauguralView.csproj", "{A0C85D19-6BD6-44DB-8433-BC92AC161072}"
EndProject
Global
	GlobalSection(SolutionConfigurationPlatforms) = preSolution
		Debug|Any CPU = Debug|Any CPU
		Release|Any CPU = Release|Any CPU
	EndGlobalSection
	GlobalSection(ProjectConfigurationPlatforms) = postSolution
		{A0C85D19-6BD6-44DB-8433-BC92AC161072}.Debug|Any CPU.ActiveCfg = Debug|Any CPU
		{A0C85D19-6BD6-44DB-8433-BC92AC161072}.Debug|Any CPU.Build.0 = Debug|Any CPU
		{A0C85D19-6BD6-44DB-8433-BC92AC161072}.Release|Any CPU.ActiveCfg = Release|Any CPU
		{A0C85D19-6BD6-44DB-8433-BC92AC161072}.Release|Any CPU.Build.0 = Release|Any CPU
	EndGlobalSection
	GlobalSection(SolutionProperties) = preSolution
		HideSolutionNode = FALSE
	EndGlobalSection
	GlobalSection(ExtensibilityGlobals) = postSolution
		SolutionGuid = {6CA63C21-804F-4783-8A8C-527B92A4F6FE}
	EndGlobalSection
EndGlobal
